// !$*UTF8*$!
{
	archiveVersion = 1;
	classes = {
	};
	objectVersion = 56;
	objects = {

/* Begin PBXBuildFile section */
		C23CB7242BF427D8001D1AD9 /* AppDelegate.swift in Sources */ = {isa = PBXBuildFile; fileRef = C23CB7232BF427D8001D1AD9 /* AppDelegate.swift */; };
		C23CB7262BF427D8001D1AD9 /* SceneDelegate.swift in Sources */ = {isa = PBXBuildFile; fileRef = C23CB7252BF427D8001D1AD9 /* SceneDelegate.swift */; };
		C23CB7282BF427D8001D1AD9 /* ViewController.swift in Sources */ = {isa = PBXBuildFile; fileRef = C23CB7272BF427D8001D1AD9 /* ViewController.swift */; };
		C23CB72B2BF427D8001D1AD9 /* Main.storyboard in Resources */ = {isa = PBXBuildFile; fileRef = C23CB7292BF427D8001D1AD9 /* Main.storyboard */; };
		C23CB72D2BF427DA001D1AD9 /* Assets.xcassets in Resources */ = {isa = PBXBuildFile; fileRef = C23CB72C2BF427DA001D1AD9 /* Assets.xcassets */; };
		C23CB7302BF427DA001D1AD9 /* LaunchScreen.storyboard in Resources */ = {isa = PBXBuildFile; fileRef = C23CB72E2BF427DA001D1AD9 /* LaunchScreen.storyboard */; };
		C23CB73B2BF427DA001D1AD9 /* I_am_RichTests.swift in Sources */ = {isa = PBXBuildFile; fileRef = C23CB73A2BF427DA001D1AD9 /* I_am_RichTests.swift */; };
		C23CB7452BF427DA001D1AD9 /* I_am_RichUITests.swift in Sources */ = {isa = PBXBuildFile; fileRef = C23CB7442BF427DA001D1AD9 /* I_am_RichUITests.swift */; };
		C23CB7472BF427DA001D1AD9 /* I_am_RichUITestsLaunchTests.swift in Sources */ = {isa = PBXBuildFile; fileRef = C23CB7462BF427DA001D1AD9 /* I_am_RichUITestsLaunchTests.swift */; };
/* End PBXBuildFile section */

/* Begin PBXContainerItemProxy section */
		C23CB7372BF427DA001D1AD9 /* PBXContainerItemProxy */ = {
			isa = PBXContainerItemProxy;
			containerPortal = C23CB7182BF427D8001D1AD9 /* Project object */;
			proxyType = 1;
			remoteGlobalIDString = C23CB71F2BF427D8001D1AD9;
			remoteInfo = "I am Rich";
		};
		C23CB7412BF427DA001D1AD9 /* PBXContainerItemProxy */ = {
			isa = PBXContainerItemProxy;
			containerPortal = C23CB7182BF427D8001D1AD9 /* Project object */;
			proxyType = 1;
			remoteGlobalIDString = C23CB71F2BF427D8001D1AD9;
			remoteInfo = "I am Rich";
		};
/* End PBXContainerItemProxy section */

/* Begin PBXFileReference section */
		C23CB7202BF427D8001D1AD9 /* I am Rich.app */ = {isa = PBXFileReference; explicitFileType = wrapper.application; includeInIndex = 0; path = "I am Rich.app"; sourceTree = BUILT_PRODUCTS_DIR; };
		C23CB7232BF427D8001D1AD9 /* AppDelegate.swift */ = {isa = PBXFileReference; lastKnownFileType = sourcecode.swift; path = AppDelegate.swift; sourceTree = "<group>"; };
		C23CB7252BF427D8001D1AD9 /* SceneDelegate.swift */ = {isa = PBXFileReference; lastKnownFileType = sourcecode.swift; path = SceneDelegate.swift; sourceTree = "<group>"; };
		C23CB7272BF427D8001D1AD9 /* ViewController.swift */ = {isa = PBXFileReference; lastKnownFileType = sourcecode.swift; path = ViewController.swift; sourceTree = "<group>"; };
		C23CB72A2BF427D8001D1AD9 /* Base */ = {isa = PBXFileReference; lastKnownFileType = file.storyboard; name = Base; path = Base.lproj/Main.storyboard; sourceTree = "<group>"; };
		C23CB72C2BF427DA001D1AD9 /* Assets.xcassets */ = {isa = PBXFileReference; lastKnownFileType = folder.assetcatalog; path = Assets.xcassets; sourceTree = "<group>"; };
		C23CB72F2BF427DA001D1AD9 /* Base */ = {isa = PBXFileReference; lastKnownFileType = file.storyboard; name = Base; path = Base.lproj/LaunchScreen.storyboard; sourceTree = "<group>"; };
		C23CB7312BF427DA001D1AD9 /* Info.plist */ = {isa = PBXFileReference; lastKnownFileType = text.plist.xml; path = Info.plist; sourceTree = "<group>"; };
		C23CB7362BF427DA001D1AD9 /* I am RichTests.xctest */ = {isa = PBXFileReference; explicitFileType = wrapper.cfbundle; includeInIndex = 0; path = "I am RichTests.xctest"; sourceTree = BUILT_PRODUCTS_DIR; };
		C23CB73A2BF427DA001D1AD9 /* I_am_RichTests.swift */ = {isa = PBXFileReference; lastKnownFileType = sourcecode.swift; path = I_am_RichTests.swift; sourceTree = "<group>"; };
		C23CB7402BF427DA001D1AD9 /* I am RichUITests.xctest */ = {isa = PBXFileReference; explicitFileType = wrapper.cfbundle; includeInIndex = 0; path = "I am RichUITests.xctest"; sourceTree = BUILT_PRODUCTS_DIR; };
		C23CB7442BF427DA001D1AD9 /* I_am_RichUITests.swift */ = {isa = PBXFileReference; lastKnownFileType = sourcecode.swift; path = I_am_RichUITests.swift; sourceTree = "<group>"; };
		C23CB7462BF427DA001D1AD9 /* I_am_RichUITestsLaunchTests.swift */ = {isa = PBXFileReference; lastKnownFileType = sourcecode.swift; path = I_am_RichUITestsLaunchTests.swift; sourceTree = "<group>"; };
/* End PBXFileReference section */

/* Begin PBXFrameworksBuildPhase section */
		C23CB71D2BF427D8001D1AD9 /* Frameworks */ = {
			isa = PBXFrameworksBuildPhase;
			buildActionMask = 2147483647;
			files = (
			);
			runOnlyForDeploymentPostprocessing = 0;
		};
		C23CB7332BF427DA001D1AD9 /* Frameworks */ = {
			isa = PBXFrameworksBuildPhase;
			buildActionMask = 2147483647;
			files = (
			);
			runOnlyForDeploymentPostprocessing = 0;
		};
		C23CB73D2BF427DA001D1AD9 /* Frameworks */ = {
			isa = PBXFrameworksBuildPhase;
			buildActionMask = 2147483647;
			files = (
			);
			runOnlyForDeploymentPostprocessing = 0;
		};
/* End PBXFrameworksBuildPhase section */

/* Begin PBXGroup section */
		C23CB7172BF427D8001D1AD9 = {
			isa = PBXGroup;
			children = (
				C23CB7222BF427D8001D1AD9 /* I am Rich */,
				C23CB7392BF427DA001D1AD9 /* I am RichTests */,
				C23CB7432BF427DA001D1AD9 /* I am RichUITests */,
				C23CB7212BF427D8001D1AD9 /* Products */,
			);
			sourceTree = "<group>";
		};
		C23CB7212BF427D8001D1AD9 /* Products */ = {
			isa = PBXGroup;
			children = (
				C23CB7202BF427D8001D1AD9 /* I am Rich.app */,
				C23CB7362BF427DA001D1AD9 /* I am RichTests.xctest */,
				C23CB7402BF427DA001D1AD9 /* I am RichUITests.xctest */,
			);
			name = Products;
			sourceTree = "<group>";
		};
		C23CB7222BF427D8001D1AD9 /* I am Rich */ = {
			isa = PBXGroup;
			children = (
				C23CB7232BF427D8001D1AD9 /* AppDelegate.swift */,
				C23CB7252BF427D8001D1AD9 /* SceneDelegate.swift */,
				C23CB7272BF427D8001D1AD9 /* ViewController.swift */,
				C23CB7292BF427D8001D1AD9 /* Main.storyboard */,
				C23CB72C2BF427DA001D1AD9 /* Assets.xcassets */,
				C23CB72E2BF427DA001D1AD9 /* LaunchScreen.storyboard */,
				C23CB7312BF427DA001D1AD9 /* Info.plist */,
			);
			path = "I am Rich";
			sourceTree = "<group>";
		};
		C23CB7392BF427DA001D1AD9 /* I am RichTests */ = {
			isa = PBXGroup;
			children = (
				C23CB73A2BF427DA001D1AD9 /* I_am_RichTests.swift */,
			);
			path = "I am RichTests";
			sourceTree = "<group>";
		};
		C23CB7432BF427DA001D1AD9 /* I am RichUITests */ = {
			isa = PBXGroup;
			children = (
				C23CB7442BF427DA001D1AD9 /* I_am_RichUITests.swift */,
				C23CB7462BF427DA001D1AD9 /* I_am_RichUITestsLaunchTests.swift */,
			);
			path = "I am RichUITests";
			sourceTree = "<group>";
		};
/* End PBXGroup section */

/* Begin PBXNativeTarget section */
		C23CB71F2BF427D8001D1AD9 /* I am Rich */ = {
			isa = PBXNativeTarget;
			buildConfigurationList = C23CB74A2BF427DA001D1AD9 /* Build configuration list for PBXNativeTarget "I am Rich" */;
			buildPhases = (
				C23CB71C2BF427D8001D1AD9 /* Sources */,
				C23CB71D2BF427D8001D1AD9 /* Frameworks */,
				C23CB71E2BF427D8001D1AD9 /* Resources */,
			);
			buildRules = (
			);
			dependencies = (
			);
			name = "I am Rich";
			productName = "I am Rich";
			productReference = C23CB7202BF427D8001D1AD9 /* I am Rich.app */;
			productType = "com.apple.product-type.application";
		};
		C23CB7352BF427DA001D1AD9 /* I am RichTests */ = {
			isa = PBXNativeTarget;
			buildConfigurationList = C23CB74D2BF427DA001D1AD9 /* Build configuration list for PBXNativeTarget "I am RichTests" */;
			buildPhases = (
				C23CB7322BF427DA001D1AD9 /* Sources */,
				C23CB7332BF427DA001D1AD9 /* Frameworks */,
				C23CB7342BF427DA001D1AD9 /* Resources */,
			);
			buildRules = (
			);
			dependencies = (
				C23CB7382BF427DA001D1AD9 /* PBXTargetDependency */,
			);
			name = "I am RichTests";
			productName = "I am RichTests";
			productReference = C23CB7362BF427DA001D1AD9 /* I am RichTests.xctest */;
			productType = "com.apple.product-type.bundle.unit-test";
		};
		C23CB73F2BF427DA001D1AD9 /* I am RichUITests */ = {
			isa = PBXNativeTarget;
			buildConfigurationList = C23CB7502BF427DA001D1AD9 /* Build configuration list for PBXNativeTarget "I am RichUITests" */;
			buildPhases = (
				C23CB73C2BF427DA001D1AD9 /* Sources */,
				C23CB73D2BF427DA001D1AD9 /* Frameworks */,
				C23CB73E2BF427DA001D1AD9 /* Resources */,
			);
			buildRules = (
			);
			dependencies = (
				C23CB7422BF427DA001D1AD9 /* PBXTargetDependency */,
			);
			name = "I am RichUITests";
			productName = "I am RichUITests";
			productReference = C23CB7402BF427DA001D1AD9 /* I am RichUITests.xctest */;
			productType = "com.apple.product-type.bundle.ui-testing";
		};
/* End PBXNativeTarget section */

/* Begin PBXProject section */
		C23CB7182BF427D8001D1AD9 /* Project object */ = {
			isa = PBXProject;
			attributes = {
				BuildIndependentTargetsInParallel = 1;
				LastSwiftUpdateCheck = 1510;
				LastUpgradeCheck = 1510;
				TargetAttributes = {
					C23CB71F2BF427D8001D1AD9 = {
						CreatedOnToolsVersion = 15.1;
					};
					C23CB7352BF427DA001D1AD9 = {
						CreatedOnToolsVersion = 15.1;
						TestTargetID = C23CB71F2BF427D8001D1AD9;
					};
					C23CB73F2BF427DA001D1AD9 = {
						CreatedOnToolsVersion = 15.1;
						TestTargetID = C23CB71F2BF427D8001D1AD9;
					};
				};
			};
			buildConfigurationList = C23CB71B2BF427D8001D1AD9 /* Build configuration list for PBXProject "I am Rich" */;
			compatibilityVersion = "Xcode 14.0";
			developmentRegion = en;
			hasScannedForEncodings = 0;
			knownRegions = (
				en,
				Base,
			);
			mainGroup = C23CB7172BF427D8001D1AD9;
			productRefGroup = C23CB7212BF427D8001D1AD9 /* Products */;
			projectDirPath = "";
			projectRoot = "";
			targets = (
				C23CB71F2BF427D8001D1AD9 /* I am Rich */,
				C23CB7352BF427DA001D1AD9 /* I am RichTests */,
				C23CB73F2BF427DA001D1AD9 /* I am RichUITests */,
			);
		};
/* End PBXProject section */

/* Begin PBXResourcesBuildPhase section */
		C23CB71E2BF427D8001D1AD9 /* Resources */ = {
			isa = PBXResourcesBuildPhase;
			buildActionMask = 2147483647;
			files = (
				C23CB7302BF427DA001D1AD9 /* LaunchScreen.storyboard in Resources */,
				C23CB72D2BF427DA001D1AD9 /* Assets.xcassets in Resources */,
				C23CB72B2BF427D8001D1AD9 /* Main.storyboard in Resources */,
			);
			runOnlyForDeploymentPostprocessing = 0;
		};
		C23CB7342BF427DA001D1AD9 /* Resources */ = {
			isa = PBXResourcesBuildPhase;
			buildActionMask = 2147483647;
			files = (
			);
			runOnlyForDeploymentPostprocessing = 0;
		};
		C23CB73E2BF427DA001D1AD9 /* Resources */ = {
			isa = PBXResourcesBuildPhase;
			buildActionMask = 2147483647;
			files = (
			);
			runOnlyForDeploymentPostprocessing = 0;
		};
/* End PBXResourcesBuildPhase section */

/* Begin PBXSourcesBuildPhase section */
		C23CB71C2BF427D8001D1AD9 /* Sources */ = {
			isa = PBXSourcesBuildPhase;
			buildActionMask = 2147483647;
			files = (
				C23CB7282BF427D8001D1AD9 /* ViewController.swift in Sources */,
				C23CB7242BF427D8001D1AD9 /* AppDelegate.swift in Sources */,
				C23CB7262BF427D8001D1AD9 /* SceneDelegate.swift in Sources */,
			);
			runOnlyForDeploymentPostprocessing = 0;
		};
		C23CB7322BF427DA001D1AD9 /* Sources */ = {
			isa = PBXSourcesBuildPhase;
			buildActionMask = 2147483647;
			files = (
				C23CB73B2BF427DA001D1AD9 /* I_am_RichTests.swift in Sources */,
			);
			runOnlyForDeploymentPostprocessing = 0;
		};
		C23CB73C2BF427DA001D1AD9 /* Sources */ = {
			isa = PBXSourcesBuildPhase;
			buildActionMask = 2147483647;
			files = (
				C23CB7472BF427DA001D1AD9 /* I_am_RichUITestsLaunchTests.swift in Sources */,
				C23CB7452BF427DA001D1AD9 /* I_am_RichUITests.swift in Sources */,
			);
			runOnlyForDeploymentPostprocessing = 0;
		};
/* End PBXSourcesBuildPhase section */

/* Begin PBXTargetDependency section */
		C23CB7382BF427DA001D1AD9 /* PBXTargetDependency */ = {
			isa = PBXTargetDependency;
			target = C23CB71F2BF427D8001D1AD9 /* I am Rich */;
			targetProxy = C23CB7372BF427DA001D1AD9 /* PBXContainerItemProxy */;
		};
		C23CB7422BF427DA001D1AD9 /* PBXTargetDependency */ = {
			isa = PBXTargetDependency;
			target = C23CB71F2BF427D8001D1AD9 /* I am Rich */;
			targetProxy = C23CB7412BF427DA001D1AD9 /* PBXContainerItemProxy */;
		};
/* End PBXTargetDependency section */

/* Begin PBXVariantGroup section */
		C23CB7292BF427D8001D1AD9 /* Main.storyboard */ = {
			isa = PBXVariantGroup;
			children = (
				C23CB72A2BF427D8001D1AD9 /* Base */,
			);
			name = Main.storyboard;
			sourceTree = "<group>";
		};
		C23CB72E2BF427DA001D1AD9 /* LaunchScreen.storyboard */ = {
			isa = PBXVariantGroup;
			children = (
				C23CB72F2BF427DA001D1AD9 /* Base */,
			);
			name = LaunchScreen.storyboard;
			sourceTree = "<group>";
		};
/* End PBXVariantGroup section */

/* Begin XCBuildConfiguration section */
		C23CB7482BF427DA001D1AD9 /* Debug */ = {
			isa = XCBuildConfiguration;
			buildSettings = {
				ALWAYS_SEARCH_USER_PATHS = NO;
				ASSETCATALOG_COMPILER_GENERATE_SWIFT_ASSET_SYMBOL_EXTENSIONS = YES;
				CLANG_ANALYZER_NONNULL = YES;
				CLANG_ANALYZER_NUMBER_OBJECT_CONVERSION = YES_AGGRESSIVE;
				CLANG_CXX_LANGUAGE_STANDARD = "gnu++20";
				CLANG_ENABLE_MODULES = YES;
				CLANG_ENABLE_OBJC_ARC = YES;
				CLANG_ENABLE_OBJC_WEAK = YES;
				CLANG_WARN_BLOCK_CAPTURE_AUTORELEASING = YES;
				CLANG_WARN_BOOL_CONVERSION = YES;
				CLANG_WARN_COMMA = YES;
				CLANG_WARN_CONSTANT_CONVERSION = YES;
				CLANG_WARN_DEPRECATED_OBJC_IMPLEMENTATIONS = YES;
				CLANG_WARN_DIRECT_OBJC_ISA_USAGE = YES_ERROR;
				CLANG_WARN_DOCUMENTATION_COMMENTS = YES;
				CLANG_WARN_EMPTY_BODY = YES;
				CLANG_WARN_ENUM_CONVERSION = YES;
				CLANG_WARN_INFINITE_RECURSION = YES;
				CLANG_WARN_INT_CONVERSION = YES;
				CLANG_WARN_NON_LITERAL_NULL_CONVERSION = YES;
				CLANG_WARN_OBJC_IMPLICIT_RETAIN_SELF = YES;
				CLANG_WARN_OBJC_LITERAL_CONVERSION = YES;
				CLANG_WARN_OBJC_ROOT_CLASS = YES_ERROR;
				CLANG_WARN_QUOTED_INCLUDE_IN_FRAMEWORK_HEADER = YES;
				CLANG_WARN_RANGE_LOOP_ANALYSIS = YES;
				CLANG_WARN_STRICT_PROTOTYPES = YES;
				CLANG_WARN_SUSPICIOUS_MOVE = YES;
				CLANG_WARN_UNGUARDED_AVAILABILITY = YES_AGGRESSIVE;
				CLANG_WARN_UNREACHABLE_CODE = YES;
				CLANG_WARN__DUPLICATE_METHOD_MATCH = YES;
				COPY_PHASE_STRIP = NO;
				DEBUG_INFORMATION_FORMAT = dwarf;
				ENABLE_STRICT_OBJC_MSGSEND = YES;
				ENABLE_TESTABILITY = YES;
				ENABLE_USER_SCRIPT_SANDBOXING = YES;
				GCC_C_LANGUAGE_STANDARD = gnu17;
				GCC_DYNAMIC_NO_PIC = NO;
				GCC_NO_COMMON_BLOCKS = YES;
				GCC_OPTIMIZATION_LEVEL = 0;
				GCC_PREPROCESSOR_DEFINITIONS = (
					"DEBUG=1",
					"$(inherited)",
				);
				GCC_WARN_64_TO_32_BIT_CONVERSION = YES;
				GCC_WARN_ABOUT_RETURN_TYPE = YES_ERROR;
				GCC_WARN_UNDECLARED_SELECTOR = YES;
				GCC_WARN_UNINITIALIZED_AUTOS = YES_AGGRESSIVE;
				GCC_WARN_UNUSED_FUNCTION = YES;
				GCC_WARN_UNUSED_VARIABLE = YES;
				IPHONEOS_DEPLOYMENT_TARGET = 17.2;
				LOCALIZATION_PREFERS_STRING_CATALOGS = YES;
				MTL_ENABLE_DEBUG_INFO = INCLUDE_SOURCE;
				MTL_FAST_MATH = YES;
				ONLY_ACTIVE_ARCH = YES;
				SDKROOT = iphoneos;
				SWIFT_ACTIVE_COMPILATION_CONDITIONS = "DEBUG $(inherited)";
				SWIFT_OPTIMIZATION_LEVEL = "-Onone";
			};
			name = Debug;
		};
		C23CB7492BF427DA001D1AD9 /* Release */ = {
			isa = XCBuildConfiguration;
			buildSettings = {
				ALWAYS_SEARCH_USER_PATHS = NO;
				ASSETCATALOG_COMPILER_GENERATE_SWIFT_ASSET_SYMBOL_EXTENSIONS = YES;
				CLANG_ANALYZER_NONNULL = YES;
				CLANG_ANALYZER_NUMBER_OBJECT_CONVERSION = YES_AGGRESSIVE;
				CLANG_CXX_LANGUAGE_STANDARD = "gnu++20";
				CLANG_ENABLE_MODULES = YES;
				CLANG_ENABLE_OBJC_ARC = YES;
				CLANG_ENABLE_OBJC_WEAK = YES;
				CLANG_WARN_BLOCK_CAPTURE_AUTORELEASING = YES;
				CLANG_WARN_BOOL_CONVERSION = YES;
				CLANG_WARN_COMMA = YES;
				CLANG_WARN_CONSTANT_CONVERSION = YES;
				CLANG_WARN_DEPRECATED_OBJC_IMPLEMENTATIONS = YES;
				CLANG_WARN_DIRECT_OBJC_ISA_USAGE = YES_ERROR;
				CLANG_WARN_DOCUMENTATION_COMMENTS = YES;
				CLANG_WARN_EMPTY_BODY = YES;
				CLANG_WARN_ENUM_CONVERSION = YES;
				CLANG_WARN_INFINITE_RECURSION = YES;
				CLANG_WARN_INT_CONVERSION = YES;
				CLANG_WARN_NON_LITERAL_NULL_CONVERSION = YES;
				CLANG_WARN_OBJC_IMPLICIT_RETAIN_SELF = YES;
				CLANG_WARN_OBJC_LITERAL_CONVERSION = YES;
				CLANG_WARN_OBJC_ROOT_CLASS = YES_ERROR;
				CLANG_WARN_QUOTED_INCLUDE_IN_FRAMEWORK_HEADER = YES;
				CLANG_WARN_RANGE_LOOP_ANALYSIS = YES;
				CLANG_WARN_STRICT_PROTOTYPES = YES;
				CLANG_WARN_SUSPICIOUS_MOVE = YES;
				CLANG_WARN_UNGUARDED_AVAILABILITY = YES_AGGRESSIVE;
				CLANG_WARN_UNREACHABLE_CODE = YES;
				CLANG_WARN__DUPLICATE_METHOD_MATCH = YES;
				COPY_PHASE_STRIP = NO;
				DEBUG_INFORMATION_FORMAT = "dwarf-with-dsym";
				ENABLE_NS_ASSERTIONS = NO;
				ENABLE_STRICT_OBJC_MSGSEND = YES;
				ENABLE_USER_SCRIPT_SANDBOXING = YES;
				GCC_C_LANGUAGE_STANDARD = gnu17;
				GCC_NO_COMMON_BLOCKS = YES;
				GCC_WARN_64_TO_32_BIT_CONVERSION = YES;
				GCC_WARN_ABOUT_RETURN_TYPE = YES_ERROR;
				GCC_WARN_UNDECLARED_SELECTOR = YES;
				GCC_WARN_UNINITIALIZED_AUTOS = YES_AGGRESSIVE;
				GCC_WARN_UNUSED_FUNCTION = YES;
				GCC_WARN_UNUSED_VARIABLE = YES;
				IPHONEOS_DEPLOYMENT_TARGET = 17.2;
				LOCALIZATION_PREFERS_STRING_CATALOGS = YES;
				MTL_ENABLE_DEBUG_INFO = NO;
				MTL_FAST_MATH = YES;
				SDKROOT = iphoneos;
				SWIFT_COMPILATION_MODE = wholemodule;
				VALIDATE_PRODUCT = YES;
			};
			name = Release;
		};
		C23CB74B2BF427DA001D1AD9 /* Debug */ = {
			isa = XCBuildConfiguration;
			buildSettings = {
				ASSETCATALOG_COMPILER_APPICON_NAME = AppIcon;
				ASSETCATALOG_COMPILER_GLOBAL_ACCENT_COLOR_NAME = AccentColor;
				CODE_SIGN_STYLE = Automatic;
				CURRENT_PROJECT_VERSION = 1;
				GENERATE_INFOPLIST_FILE = YES;
				INFOPLIST_FILE = "I am Rich/Info.plist";
				INFOPLIST_KEY_UIApplicationSupportsIndirectInputEvents = YES;
				INFOPLIST_KEY_UILaunchStoryboardName = LaunchScreen;
				INFOPLIST_KEY_UIMainStoryboardFile = Main;
				INFOPLIST_KEY_UISupportedInterfaceOrientations_iPad = "UIInterfaceOrientationPortrait UIInterfaceOrientationPortraitUpsideDown UIInterfaceOrientationLandscapeLeft UIInterfaceOrientationLandscapeRight";
				INFOPLIST_KEY_UISupportedInterfaceOrientations_iPhone = "UIInterfaceOrientationPortrait UIInterfaceOrientationLandscapeLeft UIInterfaceOrientationLandscapeRight";
				LD_RUNPATH_SEARCH_PATHS = (
					"$(inherited)",
					"@executable_path/Frameworks",
				);
				MARKETING_VERSION = 1.0;
				PRODUCT_BUNDLE_IDENTIFIER = "com.brunomendoza.I-am-Rich";
				PRODUCT_NAME = "$(TARGET_NAME)";
				SWIFT_EMIT_LOC_STRINGS = YES;
				SWIFT_VERSION = 5.0;
				TARGETED_DEVICE_FAMILY = "1,2";
			};
			name = Debug;
		};
		C23CB74C2BF427DA001D1AD9 /* Release */ = {
			isa = XCBuildConfiguration;
			buildSettings = {
				ASSETCATALOG_COMPILER_APPICON_NAME = AppIcon;
				ASSETCATALOG_COMPILER_GLOBAL_ACCENT_COLOR_NAME = AccentColor;
				CODE_SIGN_STYLE = Automatic;
				CURRENT_PROJECT_VERSION = 1;
				GENERATE_INFOPLIST_FILE = YES;
				INFOPLIST_FILE = "I am Rich/Info.plist";
				INFOPLIST_KEY_UIApplicationSupportsIndirectInputEvents = YES;
				INFOPLIST_KEY_UILaunchStoryboardName = LaunchScreen;
				INFOPLIST_KEY_UIMainStoryboardFile = Main;
				INFOPLIST_KEY_UISupportedInterfaceOrientations_iPad = "UIInterfaceOrientationPortrait UIInterfaceOrientationPortraitUpsideDown UIInterfaceOrientationLandscapeLeft UIInterfaceOrientationLandscapeRight";
				INFOPLIST_KEY_UISupportedInterfaceOrientations_iPhone = "UIInterfaceOrientationPortrait UIInterfaceOrientationLandscapeLeft UIInterfaceOrientationLandscapeRight";
				LD_RUNPATH_SEARCH_PATHS = (
					"$(inherited)",
					"@executable_path/Frameworks",
				);
				MARKETING_VERSION = 1.0;
				PRODUCT_BUNDLE_IDENTIFIER = "com.brunomendoza.I-am-Rich";
				PRODUCT_NAME = "$(TARGET_NAME)";
				SWIFT_EMIT_LOC_STRINGS = YES;
				SWIFT_VERSION = 5.0;
				TARGETED_DEVICE_FAMILY = "1,2";
			};
			name = Release;
		};
		C23CB74E2BF427DA001D1AD9 /* Debug */ = {
			isa = XCBuildConfiguration;
			buildSettings = {
				ALWAYS_EMBED_SWIFT_STANDARD_LIBRARIES = YES;
				BUNDLE_LOADER = "$(TEST_HOST)";
				CODE_SIGN_STYLE = Automatic;
				CURRENT_PROJECT_VERSION = 1;
				GENERATE_INFOPLIST_FILE = YES;
				IPHONEOS_DEPLOYMENT_TARGET = 17.2;
				MARKETING_VERSION = 1.0;
				PRODUCT_BUNDLE_IDENTIFIER = "com.brunomendoza.I-am-RichTests";
				PRODUCT_NAME = "$(TARGET_NAME)";
				SWIFT_EMIT_LOC_STRINGS = NO;
				SWIFT_VERSION = 5.0;
				TARGETED_DEVICE_FAMILY = "1,2";
				TEST_HOST = "$(BUILT_PRODUCTS_DIR)/I am Rich.app/$(BUNDLE_EXECUTABLE_FOLDER_PATH)/I am Rich";
			};
			name = Debug;
		};
		C23CB74F2BF427DA001D1AD9 /* Release */ = {
			isa = XCBuildConfiguration;
			buildSettings = {
				ALWAYS_EMBED_SWIFT_STANDARD_LIBRARIES = YES;
				BUNDLE_LOADER = "$(TEST_HOST)";
				CODE_SIGN_STYLE = Automatic;
				CURRENT_PROJECT_VERSION = 1;
				GENERATE_INFOPLIST_FILE = YES;
				IPHONEOS_DEPLOYMENT_TARGET = 17.2;
				MARKETING_VERSION = 1.0;
				PRODUCT_BUNDLE_IDENTIFIER = "com.brunomendoza.I-am-RichTests";
				PRODUCT_NAME = "$(TARGET_NAME)";
				SWIFT_EMIT_LOC_STRINGS = NO;
				SWIFT_VERSION = 5.0;
				TARGETED_DEVICE_FAMILY = "1,2";
				TEST_HOST = "$(BUILT_PRODUCTS_DIR)/I am Rich.app/$(BUNDLE_EXECUTABLE_FOLDER_PATH)/I am Rich";
			};
			name = Release;
		};
		C23CB7512BF427DA001D1AD9 /* Debug */ = {
			isa = XCBuildConfiguration;
			buildSettings = {
				ALWAYS_EMBED_SWIFT_STANDARD_LIBRARIES = YES;
				CODE_SIGN_STYLE = Automatic;
				CURRENT_PROJECT_VERSION = 1;
				GENERATE_INFOPLIST_FILE = YES;
				MARKETING_VERSION = 1.0;
				PRODUCT_BUNDLE_IDENTIFIER = "com.brunomendoza.I-am-RichUITests";
				PRODUCT_NAME = "$(TARGET_NAME)";
				SWIFT_EMIT_LOC_STRINGS = NO;
				SWIFT_VERSION = 5.0;
				TARGETED_DEVICE_FAMILY = "1,2";
				TEST_TARGET_NAME = "I am Rich";
			};
			name = Debug;
		};
		C23CB7522BF427DA001D1AD9 /* Release */ = {
			isa = XCBuildConfiguration;
			buildSettings = {
				ALWAYS_EMBED_SWIFT_STANDARD_LIBRARIES = YES;
				CODE_SIGN_STYLE = Automatic;
				CURRENT_PROJECT_VERSION = 1;
				GENERATE_INFOPLIST_FILE = YES;
				MARKETING_VERSION = 1.0;
				PRODUCT_BUNDLE_IDENTIFIER = "com.brunomendoza.I-am-RichUITests";
				PRODUCT_NAME = "$(TARGET_NAME)";
				SWIFT_EMIT_LOC_STRINGS = NO;
				SWIFT_VERSION = 5.0;
				TARGETED_DEVICE_FAMILY = "1,2";
				TEST_TARGET_NAME = "I am Rich";
			};
			name = Release;
		};
/* End XCBuildConfiguration section */

/* Begin XCConfigurationList section */
		C23CB71B2BF427D8001D1AD9 /* Build configuration list for PBXProject "I am Rich" */ = {
			isa = XCConfigurationList;
			buildConfigurations = (
				C23CB7482BF427DA001D1AD9 /* Debug */,
				C23CB7492BF427DA001D1AD9 /* Release */,
			);
			defaultConfigurationIsVisible = 0;
			defaultConfigurationName = Release;
		};
		C23CB74A2BF427DA001D1AD9 /* Build configuration list for PBXNativeTarget "I am Rich" */ = {
			isa = XCConfigurationList;
			buildConfigurations = (
				C23CB74B2BF427DA001D1AD9 /* Debug */,
				C23CB74C2BF427DA001D1AD9 /* Release */,
			);
			defaultConfigurationIsVisible = 0;
			defaultConfigurationName = Release;
		};
		C23CB74D2BF427DA001D1AD9 /* Build configuration list for PBXNativeTarget "I am RichTests" */ = {
			isa = XCConfigurationList;
			buildConfigurations = (
				C23CB74E2BF427DA001D1AD9 /* Debug */,
				C23CB74F2BF427DA001D1AD9 /* Release */,
			);
			defaultConfigurationIsVisible = 0;
			defaultConfigurationName = Release;
		};
		C23CB7502BF427DA001D1AD9 /* Build configuration list for PBXNativeTarget "I am RichUITests" */ = {
			isa = XCConfigurationList;
			buildConfigurations = (
				C23CB7512BF427DA001D1AD9 /* Debug */,
				C23CB7522BF427DA001D1AD9 /* Release */,
			);
			defaultConfigurationIsVisible = 0;
			defaultConfigurationName = Release;
		};
/* End XCConfigurationList section */
	};
	rootObject = C23CB7182BF427D8001D1AD9 /* Project object */;
}
